<?xml version="1.0" encoding="utf-8"?>
<Project ToolsVersion="18.0" xmlns="http://schemas.microsoft.com/developer/msbuild/2003">
  <ItemGroup>
    <CustomBuild Include="C:\Users\hyper\workspace\ArrowVortex\lib\bobcoin\build_output\CMakeFiles\501297e15d37491a9ef3435f2e1d35d2\generate.stamp.rule">
      <Filter>CMake Rules</Filter>
    </CustomBuild>
  </ItemGroup>
  <ItemGroup>
    <Filter Include="CMake Rules">
      <UniqueIdentifier>{F16FA676-03CB-3184-B17B-80C957FFB927}</UniqueIdentifier>
    </Filter>
  </ItemGroup>
</Project>
